// !$*UTF8*$!
{
	archiveVersion = 1;
	classes = {
	};
	objectVersion = 50;
	objects = {

/* Begin PBXBuildFile section */
		A5495F03262632F200019727 /* AppDelegate.swift in Sources */ = {isa = PBXBuildFile; fileRef = A5495F02262632F200019727 /* AppDelegate.swift */; };
		A5495F05262632F200019727 /* SceneDelegate.swift in Sources */ = {isa = PBXBuildFile; fileRef = A5495F04262632F200019727 /* SceneDelegate.swift */; };
		A5495F07262632F200019727 /* ViewController.swift in Sources */ = {isa = PBXBuildFile; fileRef = A5495F06262632F200019727 /* ViewController.swift */; };
		A5495F0A262632F200019727 /* Main.storyboard in Resources */ = {isa = PBXBuildFile; fileRef = A5495F08262632F200019727 /* Main.storyboard */; };
		A5495F0C262632F400019727 /* Assets.xcassets in Resources */ = {isa = PBXBuildFile; fileRef = A5495F0B262632F400019727 /* Assets.xcassets */; };
		A5495F0F262632F400019727 /* LaunchScreen.storyboard in Resources */ = {isa = PBXBuildFile; fileRef = A5495F0D262632F400019727 /* LaunchScreen.storyboard */; };
		A5495F182626353D00019727 /* SettingsVC.swift in Sources */ = {isa = PBXBuildFile; fileRef = A5495F172626353D00019727 /* SettingsVC.swift */; };
		A5495F1B2626693D00019727 /* AppThemeCVCell.swift in Sources */ = {isa = PBXBuildFile; fileRef = A5495F1A2626693D00019727 /* AppThemeCVCell.swift */; };
		A5495F1E262728E100019727 /* ContactUsCVCell.swift in Sources */ = {isa = PBXBuildFile; fileRef = A5495F1D262728E100019727 /* ContactUsCVCell.swift */; };
		A5495F212627313900019727 /* ContactVC.swift in Sources */ = {isa = PBXBuildFile; fileRef = A5495F202627313900019727 /* ContactVC.swift */; };
		A5495F252627315600019727 /* Styling.swift in Sources */ = {isa = PBXBuildFile; fileRef = A5495F232627315500019727 /* Styling.swift */; };
		A5495F262627315600019727 /* AlertService.swift in Sources */ = {isa = PBXBuildFile; fileRef = A5495F242627315500019727 /* AlertService.swift */; };
		A5495F292627316600019727 /* K.swift in Sources */ = {isa = PBXBuildFile; fileRef = A5495F282627316600019727 /* K.swift */; };
		A5495F2C2627318900019727 /* Validation.swift in Sources */ = {isa = PBXBuildFile; fileRef = A5495F2B2627318900019727 /* Validation.swift */; };
		A5495F33262733F200019727 /* TermsVC.swift in Sources */ = {isa = PBXBuildFile; fileRef = A5495F31262733F200019727 /* TermsVC.swift */; };
		A5495F34262733F200019727 /* PrivacyPolicyVC.swift in Sources */ = {isa = PBXBuildFile; fileRef = A5495F32262733F200019727 /* PrivacyPolicyVC.swift */; };
		A5495F382627343100019727 /* LegalCVCell.swift in Sources */ = {isa = PBXBuildFile; fileRef = A5495F372627343100019727 /* LegalCVCell.swift */; };
		A5495F3B26275AB500019727 /* GeneralCVCell.swift in Sources */ = {isa = PBXBuildFile; fileRef = A5495F3A26275AB500019727 /* GeneralCVCell.swift */; };
		A5495F3E262766CC00019727 /* NotificationsCVCell.swift in Sources */ = {isa = PBXBuildFile; fileRef = A5495F3D262766CC00019727 /* NotificationsCVCell.swift */; };
/* End PBXBuildFile section */

/* Begin PBXFileReference section */
		A5495EFF262632F200019727 /* SettingsTemplate.app */ = {isa = PBXFileReference; explicitFileType = wrapper.application; includeInIndex = 0; path = SettingsTemplate.app; sourceTree = BUILT_PRODUCTS_DIR; };
		A5495F02262632F200019727 /* AppDelegate.swift */ = {isa = PBXFileReference; lastKnownFileType = sourcecode.swift; path = AppDelegate.swift; sourceTree = "<group>"; };
		A5495F04262632F200019727 /* SceneDelegate.swift */ = {isa = PBXFileReference; lastKnownFileType = sourcecode.swift; path = SceneDelegate.swift; sourceTree = "<group>"; };
		A5495F06262632F200019727 /* ViewController.swift */ = {isa = PBXFileReference; lastKnownFileType = sourcecode.swift; path = ViewController.swift; sourceTree = "<group>"; };
		A5495F09262632F200019727 /* Base */ = {isa = PBXFileReference; lastKnownFileType = file.storyboard; name = Base; path = Base.lproj/Main.storyboard; sourceTree = "<group>"; };
		A5495F0B262632F400019727 /* Assets.xcassets */ = {isa = PBXFileReference; lastKnownFileType = folder.assetcatalog; path = Assets.xcassets; sourceTree = "<group>"; };
		A5495F0E262632F400019727 /* Base */ = {isa = PBXFileReference; lastKnownFileType = file.storyboard; name = Base; path = Base.lproj/LaunchScreen.storyboard; sourceTree = "<group>"; };
		A5495F10262632F400019727 /* Info.plist */ = {isa = PBXFileReference; lastKnownFileType = text.plist.xml; path = Info.plist; sourceTree = "<group>"; };
		A5495F172626353D00019727 /* SettingsVC.swift */ = {isa = PBXFileReference; lastKnownFileType = sourcecode.swift; path = SettingsVC.swift; sourceTree = "<group>"; };
		A5495F1A2626693D00019727 /* AppThemeCVCell.swift */ = {isa = PBXFileReference; lastKnownFileType = sourcecode.swift; path = AppThemeCVCell.swift; sourceTree = "<group>"; };
		A5495F1D262728E100019727 /* ContactUsCVCell.swift */ = {isa = PBXFileReference; lastKnownFileType = sourcecode.swift; path = ContactUsCVCell.swift; sourceTree = "<group>"; };
		A5495F202627313900019727 /* ContactVC.swift */ = {isa = PBXFileReference; fileEncoding = 4; lastKnownFileType = sourcecode.swift; path = ContactVC.swift; sourceTree = "<group>"; };
		A5495F232627315500019727 /* Styling.swift */ = {isa = PBXFileReference; fileEncoding = 4; lastKnownFileType = sourcecode.swift; path = Styling.swift; sourceTree = "<group>"; };
		A5495F242627315500019727 /* AlertService.swift */ = {isa = PBXFileReference; fileEncoding = 4; lastKnownFileType = sourcecode.swift; path = AlertService.swift; sourceTree = "<group>"; };
		A5495F282627316600019727 /* K.swift */ = {isa = PBXFileReference; fileEncoding = 4; lastKnownFileType = sourcecode.swift; path = K.swift; sourceTree = "<group>"; };
		A5495F2B2627318900019727 /* Validation.swift */ = {isa = PBXFileReference; fileEncoding = 4; lastKnownFileType = sourcecode.swift; path = Validation.swift; sourceTree = "<group>"; };
		A5495F31262733F200019727 /* TermsVC.swift */ = {isa = PBXFileReference; fileEncoding = 4; lastKnownFileType = sourcecode.swift; path = TermsVC.swift; sourceTree = "<group>"; };
		A5495F32262733F200019727 /* PrivacyPolicyVC.swift */ = {isa = PBXFileReference; fileEncoding = 4; lastKnownFileType = sourcecode.swift; path = PrivacyPolicyVC.swift; sourceTree = "<group>"; };
		A5495F372627343100019727 /* LegalCVCell.swift */ = {isa = PBXFileReference; lastKnownFileType = sourcecode.swift; path = LegalCVCell.swift; sourceTree = "<group>"; };
		A5495F3A26275AB500019727 /* GeneralCVCell.swift */ = {isa = PBXFileReference; lastKnownFileType = sourcecode.swift; path = GeneralCVCell.swift; sourceTree = "<group>"; };
		A5495F3D262766CC00019727 /* NotificationsCVCell.swift */ = {isa = PBXFileReference; lastKnownFileType = sourcecode.swift; path = NotificationsCVCell.swift; sourceTree = "<group>"; };
/* End PBXFileReference section */

/* Begin PBXFrameworksBuildPhase section */
		A5495EFC262632F200019727 /* Frameworks */ = {
			isa = PBXFrameworksBuildPhase;
			buildActionMask = 2147483647;
			files = (
			);
			runOnlyForDeploymentPostprocessing = 0;
		};
/* End PBXFrameworksBuildPhase section */

/* Begin PBXGroup section */
		A5495EF6262632F200019727 = {
			isa = PBXGroup;
			children = (
				A5495F01262632F200019727 /* SettingsTemplate */,
				A5495F00262632F200019727 /* Products */,
				A5495F1D262728E100019727 /* ContactUsCVCell.swift */,
				A5495F32262733F200019727 /* PrivacyPolicyVC.swift */,
				A5495F31262733F200019727 /* TermsVC.swift */,
			);
			sourceTree = "<group>";
		};
		A5495F00262632F200019727 /* Products */ = {
			isa = PBXGroup;
			children = (
				A5495EFF262632F200019727 /* SettingsTemplate.app */,
			);
			name = Products;
			sourceTree = "<group>";
		};
		A5495F01262632F200019727 /* SettingsTemplate */ = {
			isa = PBXGroup;
			children = (
				A5495F02262632F200019727 /* AppDelegate.swift */,
				A5495F04262632F200019727 /* SceneDelegate.swift */,
				A5495F06262632F200019727 /* ViewController.swift */,
				A5495F202627313900019727 /* ContactVC.swift */,
				A5495F2B2627318900019727 /* Validation.swift */,
				A5495F08262632F200019727 /* Main.storyboard */,
				A5495F3D262766CC00019727 /* NotificationsCVCell.swift */,
				A5495F3A26275AB500019727 /* GeneralCVCell.swift */,
				A5495F372627343100019727 /* LegalCVCell.swift */,
				A5495F282627316600019727 /* K.swift */,
				A5495F242627315500019727 /* AlertService.swift */,
				A5495F232627315500019727 /* Styling.swift */,
				A5495F1A2626693D00019727 /* AppThemeCVCell.swift */,
				A5495F172626353D00019727 /* SettingsVC.swift */,
				A5495F0B262632F400019727 /* Assets.xcassets */,
				A5495F0D262632F400019727 /* LaunchScreen.storyboard */,
				A5495F10262632F400019727 /* Info.plist */,
			);
			path = SettingsTemplate;
			sourceTree = "<group>";
		};
/* End PBXGroup section */

/* Begin PBXNativeTarget section */
		A5495EFE262632F200019727 /* SettingsTemplate */ = {
			isa = PBXNativeTarget;
			buildConfigurationList = A5495F13262632F400019727 /* Build configuration list for PBXNativeTarget "SettingsTemplate" */;
			buildPhases = (
				A5495EFB262632F200019727 /* Sources */,
				A5495EFC262632F200019727 /* Frameworks */,
				A5495EFD262632F200019727 /* Resources */,
			);
			buildRules = (
			);
			dependencies = (
			);
			name = SettingsTemplate;
			productName = SettingsTemplate;
			productReference = A5495EFF262632F200019727 /* SettingsTemplate.app */;
			productType = "com.apple.product-type.application";
		};
/* End PBXNativeTarget section */

/* Begin PBXProject section */
		A5495EF7262632F200019727 /* Project object */ = {
			isa = PBXProject;
			attributes = {
				LastSwiftUpdateCheck = 1240;
				LastUpgradeCheck = 1240;
				TargetAttributes = {
					A5495EFE262632F200019727 = {
						CreatedOnToolsVersion = 12.4;
					};
				};
			};
			buildConfigurationList = A5495EFA262632F200019727 /* Build configuration list for PBXProject "SettingsTemplate" */;
			compatibilityVersion = "Xcode 9.3";
			developmentRegion = en;
			hasScannedForEncodings = 0;
			knownRegions = (
				en,
				Base,
			);
			mainGroup = A5495EF6262632F200019727;
			productRefGroup = A5495F00262632F200019727 /* Products */;
			projectDirPath = "";
			projectRoot = "";
			targets = (
				A5495EFE262632F200019727 /* SettingsTemplate */,
			);
		};
/* End PBXProject section */

/* Begin PBXResourcesBuildPhase section */
		A5495EFD262632F200019727 /* Resources */ = {
			isa = PBXResourcesBuildPhase;
			buildActionMask = 2147483647;
			files = (
				A5495F0F262632F400019727 /* LaunchScreen.storyboard in Resources */,
				A5495F0C262632F400019727 /* Assets.xcassets in Resources */,
				A5495F0A262632F200019727 /* Main.storyboard in Resources */,
			);
			runOnlyForDeploymentPostprocessing = 0;
		};
/* End PBXResourcesBuildPhase section */

/* Begin PBXSourcesBuildPhase section */
		A5495EFB262632F200019727 /* Sources */ = {
			isa = PBXSourcesBuildPhase;
			buildActionMask = 2147483647;
			files = (
				A5495F07262632F200019727 /* ViewController.swift in Sources */,
				A5495F292627316600019727 /* K.swift in Sources */,
				A5495F3B26275AB500019727 /* GeneralCVCell.swift in Sources */,
				A5495F2C2627318900019727 /* Validation.swift in Sources */,
				A5495F1E262728E100019727 /* ContactUsCVCell.swift in Sources */,
				A5495F252627315600019727 /* Styling.swift in Sources */,
				A5495F1B2626693D00019727 /* AppThemeCVCell.swift in Sources */,
				A5495F3E262766CC00019727 /* NotificationsCVCell.swift in Sources */,
				A5495F382627343100019727 /* LegalCVCell.swift in Sources */,
				A5495F34262733F200019727 /* PrivacyPolicyVC.swift in Sources */,
				A5495F33262733F200019727 /* TermsVC.swift in Sources */,
				A5495F182626353D00019727 /* SettingsVC.swift in Sources */,
				A5495F03262632F200019727 /* AppDelegate.swift in Sources */,
				A5495F212627313900019727 /* ContactVC.swift in Sources */,
				A5495F262627315600019727 /* AlertService.swift in Sources */,
				A5495F05262632F200019727 /* SceneDelegate.swift in Sources */,
			);
			runOnlyForDeploymentPostprocessing = 0;
		};
/* End PBXSourcesBuildPhase section */

/* Begin PBXVariantGroup section */
		A5495F08262632F200019727 /* Main.storyboard */ = {
			isa = PBXVariantGroup;
			children = (
				A5495F09262632F200019727 /* Base */,
			);
			name = Main.storyboard;
			sourceTree = "<group>";
		};
		A5495F0D262632F400019727 /* LaunchScreen.storyboard */ = {
			isa = PBXVariantGroup;
			children = (
				A5495F0E262632F400019727 /* Base */,
			);
			name = LaunchScreen.storyboard;
			sourceTree = "<group>";
		};
/* End PBXVariantGroup section */

/* Begin XCBuildConfiguration section */
		A5495F11262632F400019727 /* Debug */ = {
			isa = XCBuildConfiguration;
			buildSettings = {
				ALWAYS_SEARCH_USER_PATHS = NO;
				CLANG_ANALYZER_NONNULL = YES;
				CLANG_ANALYZER_NUMBER_OBJECT_CONVERSION = YES_AGGRESSIVE;
				CLANG_CXX_LANGUAGE_STANDARD = "gnu++14";
				CLANG_CXX_LIBRARY = "libc++";
				CLANG_ENABLE_MODULES = YES;
				CLANG_ENABLE_OBJC_ARC = YES;
				CLANG_ENABLE_OBJC_WEAK = YES;
				CLANG_WARN_BLOCK_CAPTURE_AUTORELEASING = YES;
				CLANG_WARN_BOOL_CONVERSION = YES;
				CLANG_WARN_COMMA = YES;
				CLANG_WARN_CONSTANT_CONVERSION = YES;
				CLANG_WARN_DEPRECATED_OBJC_IMPLEMENTATIONS = YES;
				CLANG_WARN_DIRECT_OBJC_ISA_USAGE = YES_ERROR;
				CLANG_WARN_DOCUMENTATION_COMMENTS = YES;
				CLANG_WARN_EMPTY_BODY = YES;
				CLANG_WARN_ENUM_CONVERSION = YES;
				CLANG_WARN_INFINITE_RECURSION = YES;
				CLANG_WARN_INT_CONVERSION = YES;
				CLANG_WARN_NON_LITERAL_NULL_CONVERSION = YES;
				CLANG_WARN_OBJC_IMPLICIT_RETAIN_SELF = YES;
				CLANG_WARN_OBJC_LITERAL_CONVERSION = YES;
				CLANG_WARN_OBJC_ROOT_CLASS = YES_ERROR;
				CLANG_WARN_QUOTED_INCLUDE_IN_FRAMEWORK_HEADER = YES;
				CLANG_WARN_RANGE_LOOP_ANALYSIS = YES;
				CLANG_WARN_STRICT_PROTOTYPES = YES;
				CLANG_WARN_SUSPICIOUS_MOVE = YES;
				CLANG_WARN_UNGUARDED_AVAILABILITY = YES_AGGRESSIVE;
				CLANG_WARN_UNREACHABLE_CODE = YES;
				CLANG_WARN__DUPLICATE_METHOD_MATCH = YES;
				COPY_PHASE_STRIP = NO;
				DEBUG_INFORMATION_FORMAT = dwarf;
				ENABLE_STRICT_OBJC_MSGSEND = YES;
				ENABLE_TESTABILITY = YES;
				GCC_C_LANGUAGE_STANDARD = gnu11;
				GCC_DYNAMIC_NO_PIC = NO;
				GCC_NO_COMMON_BLOCKS = YES;
				GCC_OPTIMIZATION_LEVEL = 0;
				GCC_PREPROCESSOR_DEFINITIONS = (
					"DEBUG=1",
					"$(inherited)",
				);
				GCC_WARN_64_TO_32_BIT_CONVERSION = YES;
				GCC_WARN_ABOUT_RETURN_TYPE = YES_ERROR;
				GCC_WARN_UNDECLARED_SELECTOR = YES;
				GCC_WARN_UNINITIALIZED_AUTOS = YES_AGGRESSIVE;
				GCC_WARN_UNUSED_FUNCTION = YES;
				GCC_WARN_UNUSED_VARIABLE = YES;
				IPHONEOS_DEPLOYMENT_TARGET = 14.4;
				MTL_ENABLE_DEBUG_INFO = INCLUDE_SOURCE;
				MTL_FAST_MATH = YES;
				ONLY_ACTIVE_ARCH = YES;
				SDKROOT = iphoneos;
				SWIFT_ACTIVE_COMPILATION_CONDITIONS = DEBUG;
				SWIFT_OPTIMIZATION_LEVEL = "-Onone";
			};
			name = Debug;
		};
		A5495F12262632F400019727 /* Release */ = {
			isa = XCBuildConfiguration;
			buildSettings = {
				ALWAYS_SEARCH_USER_PATHS = NO;
				CLANG_ANALYZER_NONNULL = YES;
				CLANG_ANALYZER_NUMBER_OBJECT_CONVERSION = YES_AGGRESSIVE;
				CLANG_CXX_LANGUAGE_STANDARD = "gnu++14";
				CLANG_CXX_LIBRARY = "libc++";
				CLANG_ENABLE_MODULES = YES;
				CLANG_ENABLE_OBJC_ARC = YES;
				CLANG_ENABLE_OBJC_WEAK = YES;
				CLANG_WARN_BLOCK_CAPTURE_AUTORELEASING = YES;
				CLANG_WARN_BOOL_CONVERSION = YES;
				CLANG_WARN_COMMA = YES;
				CLANG_WARN_CONSTANT_CONVERSION = YES;
				CLANG_WARN_DEPRECATED_OBJC_IMPLEMENTATIONS = YES;
				CLANG_WARN_DIRECT_OBJC_ISA_USAGE = YES_ERROR;
				CLANG_WARN_DOCUMENTATION_COMMENTS = YES;
				CLANG_WARN_EMPTY_BODY = YES;
				CLANG_WARN_ENUM_CONVERSION = YES;
				CLANG_WARN_INFINITE_RECURSION = YES;
				CLANG_WARN_INT_CONVERSION = YES;
				CLANG_WARN_NON_LITERAL_NULL_CONVERSION = YES;
				CLANG_WARN_OBJC_IMPLICIT_RETAIN_SELF = YES;
				CLANG_WARN_OBJC_LITERAL_CONVERSION = YES;
				CLANG_WARN_OBJC_ROOT_CLASS = YES_ERROR;
				CLANG_WARN_QUOTED_INCLUDE_IN_FRAMEWORK_HEADER = YES;
				CLANG_WARN_RANGE_LOOP_ANALYSIS = YES;
				CLANG_WARN_STRICT_PROTOTYPES = YES;
				CLANG_WARN_SUSPICIOUS_MOVE = YES;
				CLANG_WARN_UNGUARDED_AVAILABILITY = YES_AGGRESSIVE;
				CLANG_WARN_UNREACHABLE_CODE = YES;
				CLANG_WARN__DUPLICATE_METHOD_MATCH = YES;
				COPY_PHASE_STRIP = NO;
				DEBUG_INFORMATION_FORMAT = "dwarf-with-dsym";
				ENABLE_NS_ASSERTIONS = NO;
				ENABLE_STRICT_OBJC_MSGSEND = YES;
				GCC_C_LANGUAGE_STANDARD = gnu11;
				GCC_NO_COMMON_BLOCKS = YES;
				GCC_WARN_64_TO_32_BIT_CONVERSION = YES;
				GCC_WARN_ABOUT_RETURN_TYPE = YES_ERROR;
				GCC_WARN_UNDECLARED_SELECTOR = YES;
				GCC_WARN_UNINITIALIZED_AUTOS = YES_AGGRESSIVE;
				GCC_WARN_UNUSED_FUNCTION = YES;
				GCC_WARN_UNUSED_VARIABLE = YES;
				IPHONEOS_DEPLOYMENT_TARGET = 14.4;
				MTL_ENABLE_DEBUG_INFO = NO;
				MTL_FAST_MATH = YES;
				SDKROOT = iphoneos;
				SWIFT_COMPILATION_MODE = wholemodule;
				SWIFT_OPTIMIZATION_LEVEL = "-O";
				VALIDATE_PRODUCT = YES;
			};
			name = Release;
		};
		A5495F14262632F400019727 /* Debug */ = {
			isa = XCBuildConfiguration;
			buildSettings = {
				ASSETCATALOG_COMPILER_APPICON_NAME = AppIcon;
				ASSETCATALOG_COMPILER_GLOBAL_ACCENT_COLOR_NAME = AccentColor;
				CODE_SIGN_STYLE = Automatic;
				DEVELOPMENT_TEAM = TUYS5TF5HK;
				INFOPLIST_FILE = SettingsTemplate/Info.plist;
				LD_RUNPATH_SEARCH_PATHS = (
					"$(inherited)",
					"@executable_path/Frameworks",
				);
				PRODUCT_BUNDLE_IDENTIFIER = "James-Sedlacek.SettingsTemplate";
				PRODUCT_NAME = "$(TARGET_NAME)";
				SWIFT_VERSION = 5.0;
				TARGETED_DEVICE_FAMILY = "1,2";
			};
			name = Debug;
		};
		A5495F15262632F400019727 /* Release */ = {
			isa = XCBuildConfiguration;
			buildSettings = {
				ASSETCATALOG_COMPILER_APPICON_NAME = AppIcon;
				ASSETCATALOG_COMPILER_GLOBAL_ACCENT_COLOR_NAME = AccentColor;
				CODE_SIGN_STYLE = Automatic;
				DEVELOPMENT_TEAM = TUYS5TF5HK;
				INFOPLIST_FILE = SettingsTemplate/Info.plist;
				LD_RUNPATH_SEARCH_PATHS = (
					"$(inherited)",
					"@executable_path/Frameworks",
				);
				PRODUCT_BUNDLE_IDENTIFIER = "James-Sedlacek.SettingsTemplate";
				PRODUCT_NAME = "$(TARGET_NAME)";
				SWIFT_VERSION = 5.0;
				TARGETED_DEVICE_FAMILY = "1,2";
			};
			name = Release;
		};
/* End XCBuildConfiguration section */

/* Begin XCConfigurationList section */
		A5495EFA262632F200019727 /* Build configuration list for PBXProject "SettingsTemplate" */ = {
			isa = XCConfigurationList;
			buildConfigurations = (
				A5495F11262632F400019727 /* Debug */,
				A5495F12262632F400019727 /* Release */,
			);
			defaultConfigurationIsVisible = 0;
			defaultConfigurationName = Release;
		};
		A5495F13262632F400019727 /* Build configuration list for PBXNativeTarget "SettingsTemplate" */ = {
			isa = XCConfigurationList;
			buildConfigurations = (
				A5495F14262632F400019727 /* Debug */,
				A5495F15262632F400019727 /* Release */,
			);
			defaultConfigurationIsVisible = 0;
			defaultConfigurationName = Release;
		};
/* End XCConfigurationList section */
	};
	rootObject = A5495EF7262632F200019727 /* Project object */;
}
